
Microsoft Visual Studio Solution File, Format Version 12.00
# Visual Studio Version 17
VisualStudioVersion = 17.1.32407.343
MinimumVisualStudioVersion = 10.0.40219.1
Project("{FAE04EC0-301F-11D3-BF4B-00C04F79EFBC}") = "YoutubeMixSplitter", "YoutubeMixSplitter\YoutubeMixSplitter.csproj", "{8E333E8F-2086-4A70-8F7D-6ED91B011D0B}"
EndProject
Global
	GlobalSection(SolutionConfigurationPlatforms) = preSolution
		Debug|Any CPU = Debug|Any CPU
		Release|Any CPU = Release|Any CPU
	EndGlobalSection
	GlobalSection(ProjectConfigurationPlatforms) = postSolution
		{8E333E8F-2086-4A70-8F7D-6ED91B011D0B}.Debug|Any CPU.ActiveCfg = Debug|Any CPU
		{8E333E8F-2086-4A70-8F7D-6ED91B011D0B}.Debug|Any CPU.Build.0 = Debug|Any CPU
		{8E333E8F-2086-4A70-8F7D-6ED91B011D0B}.Release|Any CPU.ActiveCfg = Release|Any CPU
		{8E333E8F-2086-4A70-8F7D-6ED91B011D0B}.Release|Any CPU.Build.0 = Release|Any CPU
	EndGlobalSection
	GlobalSection(SolutionProperties) = preSolution
		HideSolutionNode = FALSE
	EndGlobalSection
	GlobalSection(ExtensibilityGlobals) = postSolution
		SolutionGuid = {AA9F120C-E848-46E4-9E25-977CB537E4D4}
	EndGlobalSection
EndGlobal
